{
  "name": "examples-rpc",
  "requires": true,
  "lockfileVersion": 1,
  "dependencies": {
    "@db3dev/amqp-rxjs": {
      "version": "file:../..",
      "requires": {
        "amqplib": "0.5.2",
        "rxjs": "5.5.6",
        "uuid": "3.2.1"
      },
      "dependencies": {
        "@types/amqplib": {
          "version": "0.5.6",
          "bundled": true,
          "requires": {
            "@types/bluebird": "3.5.20",
            "@types/events": "1.1.0",
            "@types/node": "9.4.6"
          }
        },
        "@types/bluebird": {
          "version": "3.5.20",
          "bundled": true
        },
        "@types/events": {
          "version": "1.1.0",
          "bundled": true
        },
        "@types/node": {
          "version": "9.4.6",
          "bundled": true
        },
        "@types/uuid": {
          "version": "3.4.3",
          "bundled": true,
          "requires": {
            "@types/node": "9.4.6"
          }
        },
        "amqplib": {
          "version": "0.5.2",
          "bundled": true,
          "requires": {
            "bitsyntax": "0.0.4",
            "bluebird": "3.5.1",
            "buffer-more-ints": "0.0.2",
            "readable-stream": "1.1.14",
            "safe-buffer": "5.1.1"
          }
        },
        "bitsyntax": {
          "version": "0.0.4",
          "bundled": true,
          "requires": {
            "buffer-more-ints": "0.0.2"
          }
        },
        "bluebird": {
          "version": "3.5.1",
          "bundled": true
        },
        "buffer-more-ints": {
          "version": "0.0.2",
          "bundled": true
        },
        "core-util-is": {
          "version": "1.0.2",
          "bundled": true
        },
        "inherits": {
          "version": "2.0.3",
          "bundled": true
        },
        "isarray": {
          "version": "0.0.1",
          "bundled": true
        },
        "readable-stream": {
          "version": "1.1.14",
          "bundled": true,
          "requires": {
            "core-util-is": "1.0.2",
            "inherits": "2.0.3",
            "isarray": "0.0.1",
            "string_decoder": "0.10.31"
          }
        },
        "rxjs": {
          "version": "5.5.6",
          "bundled": true,
          "requires": {
            "symbol-observable": "1.0.1"
          }
        },
        "safe-buffer": {
          "version": "5.1.1",
          "bundled": true
        },
        "string_decoder": {
          "version": "0.10.31",
          "bundled": true
        },
        "symbol-observable": {
          "version": "1.0.1",
          "bundled": true
        },
        "typescript": {
          "version": "2.7.2",
          "bundled": true
        },
        "uuid": {
          "version": "3.2.1",
          "bundled": true
        }
      }
    },
    "rxjs": {
      "version": "5.5.6",
      "resolved": "https://registry.npmjs.org/rxjs/-/rxjs-5.5.6.tgz",
      "integrity": "sha512-v4Q5HDC0FHAQ7zcBX7T2IL6O5ltl1a2GX4ENjPXg6SjDY69Cmx9v4113C99a4wGF16ClPv5Z8mghuYorVkg/kg==",
      "requires": {
        "symbol-observable": "1.0.1"
      }
    },
    "symbol-observable": {
      "version": "1.0.1",
      "resolved": "https://registry.npmjs.org/symbol-observable/-/symbol-observable-1.0.1.tgz",
      "integrity": "sha1-g0D8RwLDEi310iKI+IKD9RPT/dQ="
    },
    "typescript": {
      "version": "2.7.2",
      "resolved": "https://registry.npmjs.org/typescript/-/typescript-2.7.2.tgz",
      "integrity": "sha512-p5TCYZDAO0m4G344hD+wx/LATebLWZNkkh2asWUFqSsD2OrDNhbAHuSjobrmsUmdzjJjEeZVU9g1h3O6vpstnw==",
      "dev": true
    }
  }
}
